<?xml version="1.0" encoding="utf-8"?>
<Project ToolsVersion="4.0" xmlns="http://schemas.microsoft.com/developer/msbuild/2003">
  <ItemGroup>
    <Filter Include="Source Files">
      <UniqueIdentifier>{4FC737F1-C7A5-4376-A066-2A32D752A2FF}</UniqueIdentifier>
      <Extensions>cpp;c;cc;cxx;c++;def;odl;idl;hpj;bat;asm;asmx</Extensions>
    </Filter>
    <Filter Include="Header Files">
      <UniqueIdentifier>{93995380-89BD-4b04-88EB-625FBE52EBFB}</UniqueIdentifier>
      <Extensions>h;hh;hpp;hxx;h++;hm;inl;inc;ipp;xsd</Extensions>
    </Filter>
    <Filter Include="Resource Files">
      <UniqueIdentifier>{67DA6AB6-F800-4c08-8B7A-83BB121AAD01}</UniqueIdentifier>
      <Extensions>rc;ico;cur;bmp;dlg;rc2;rct;bin;rgs;gif;jpg;jpeg;jpe;resx;tiff;tif;png;wav;mfcribbon-ms</Extensions>
    </Filter>
    <Filter Include="Lib">
      <UniqueIdentifier>{51e49c07-4e80-4c50-ae5c-c5a24f277fa5}</UniqueIdentifier>
    </Filter>
    <Filter Include="Lib\ImGui">
      <UniqueIdentifier>{1f3a4da2-bdc2-4b00-8f43-a2f27e02fff0}</UniqueIdentifier>
    </Filter>
    <Filter Include="Lib\ImgWindow">
      <UniqueIdentifier>{1d2b395c-ec37-4b8c-9db7-2b7056a9f69e}</UniqueIdentifier>
    </Filter>
  </ItemGroup>
  <ItemGroup>
    <ClInclude Include="Constants.h">
      <Filter>Header Files</Filter>
    </ClInclude>
    <ClInclude Include="XPImgWindow.h">
      <Filter>Header Files</Filter>
    </ClInclude>
    <ClInclude Include="Lib\json.hpp">
      <Filter>Lib</Filter>
    </ClInclude>
    <ClInclude Include="Utilities.h">
      <Filter>Header Files</Filter>
    </ClInclude>
    <ClInclude Include="XPilot.h">
      <Filter>Header Files</Filter>
    </ClInclude>
    <ClInclude Include="AircraftManager.h">
      <Filter>Header Files</Filter>
    </ClInclude>
    <ClInclude Include="InterpolatedState.h">
      <Filter>Header Files</Filter>
    </ClInclude>
    <ClInclude Include="TerrainProbe.h">
      <Filter>Header Files</Filter>
    </ClInclude>
    <ClInclude Include="Config.h">
      <Filter>Header Files</Filter>
    </ClInclude>
    <ClInclude Include="NotificationPanel.h">
      <Filter>Header Files</Filter>
    </ClInclude>
    <ClInclude Include="NetworkAircraft.h">
      <Filter>Header Files</Filter>
    </ClInclude>
    <ClInclude Include="NetworkAircraftConfig.h">
      <Filter>Header Files</Filter>
    </ClInclude>
    <ClInclude Include="Stopwatch.h">
      <Filter>Header Files</Filter>
    </ClInclude>
    <ClInclude Include="FrameRateMonitor.h">
      <Filter>Header Files</Filter>
    </ClInclude>
    <ClInclude Include="TextMessageConsole.h">
      <Filter>Header Files</Filter>
    </ClInclude>
    <ClInclude Include="NearbyATCWindow.h">
      <Filter>Header Files</Filter>
    </ClInclude>
    <ClInclude Include="PreferencesWindow.h">
      <Filter>Header Files</Filter>
    </ClInclude>
    <ClInclude Include="DataRefAccess.h">
      <Filter>Header Files</Filter>
    </ClInclude>
    <ClInclude Include="OwnedDataRef.h">
      <Filter>Header Files</Filter>
    </ClInclude>
    <ClInclude Include="XplaneCommand.h">
      <Filter>Header Files</Filter>
    </ClInclude>
    <ClInclude Include="Plugin.h">
      <Filter>Header Files</Filter>
    </ClInclude>
    <ClInclude Include="sha512.hh">
      <Filter>Header Files</Filter>
    </ClInclude>
  </ItemGroup>
  <ItemGroup>
    <ClCompile Include="XPImgWindow.cpp">
      <Filter>Source Files</Filter>
    </ClCompile>
    <ClCompile Include="Lib\ImgWindow\ImgFontAtlas.cpp">
      <Filter>Lib\ImgWindow</Filter>
    </ClCompile>
    <ClCompile Include="Lib\ImgWindow\ImgWindow.cpp">
      <Filter>Lib\ImgWindow</Filter>
    </ClCompile>
    <ClCompile Include="Lib\ImGui\imgui.cpp">
      <Filter>Lib\ImGui</Filter>
    </ClCompile>
    <ClCompile Include="Lib\ImGui\imgui_draw.cpp">
      <Filter>Lib\ImGui</Filter>
    </ClCompile>
    <ClCompile Include="Lib\ImGui\imgui_widgets.cpp">
      <Filter>Lib\ImGui</Filter>
    </ClCompile>
    <ClCompile Include="Lib\ImGui\misc\cpp\imgui_stdlib.cpp">
      <Filter>Lib\ImGui</Filter>
    </ClCompile>
    <ClCompile Include="Plugin.cpp">
      <Filter>Source Files</Filter>
    </ClCompile>
    <ClCompile Include="XPilot.cpp">
      <Filter>Source Files</Filter>
    </ClCompile>
    <ClCompile Include="AircraftManager.cpp">
      <Filter>Source Files</Filter>
    </ClCompile>
    <ClCompile Include="Config.cpp">
      <Filter>Source Files</Filter>
    </ClCompile>
    <ClCompile Include="NotificationPanel.cpp">
      <Filter>Source Files</Filter>
    </ClCompile>
    <ClCompile Include="NetworkAircraft.cpp">
      <Filter>Source Files</Filter>
    </ClCompile>
    <ClCompile Include="NetworkAircraftConfig.cpp">
      <Filter>Source Files</Filter>
    </ClCompile>
    <ClCompile Include="Stopwatch.cpp">
      <Filter>Source Files</Filter>
    </ClCompile>
    <ClCompile Include="FrameRateMonitor.cpp">
      <Filter>Source Files</Filter>
    </ClCompile>
    <ClCompile Include="TerrainProbe.cpp">
      <Filter>Source Files</Filter>
    </ClCompile>
    <ClCompile Include="TextMessageConsole.cpp">
      <Filter>Source Files</Filter>
    </ClCompile>
    <ClCompile Include="NearbyATCWindow.cpp">
      <Filter>Source Files</Filter>
    </ClCompile>
    <ClCompile Include="PreferencesWindow.cpp">
      <Filter>Source Files</Filter>
    </ClCompile>
    <ClCompile Include="DataRefAccess.cpp">
      <Filter>Source Files</Filter>
    </ClCompile>
    <ClCompile Include="OwnedDataRef.cpp">
      <Filter>Source Files</Filter>
    </ClCompile>
  </ItemGroup>
</Project>